
Microsoft Visual Studio Solution File, Format Version 12.00
# Visual Studio Version 17
VisualStudioVersion = 17.14.36414.22 d17.14
MinimumVisualStudioVersion = 10.0.40219.1
Project("{FAE04EC0-301F-11D3-BF4B-00C04F79EFBC}") = "Activity8_CRUD", "Activity8_CRUD\Activity8_CRUD.csproj", "{6B9EB2A8-461C-4D46-900F-A7E167E18A7A}"
EndProject
Global
	GlobalSection(SolutionConfigurationPlatforms) = preSolution
		Debug|Any CPU = Debug|Any CPU
		Release|Any CPU = Release|Any CPU
	EndGlobalSection
	GlobalSection(ProjectConfigurationPlatforms) = postSolution
		{6B9EB2A8-461C-4D46-900F-A7E167E18A7A}.Debug|Any CPU.ActiveCfg = Debug|Any CPU
		{6B9EB2A8-461C-4D46-900F-A7E167E18A7A}.Debug|Any CPU.Build.0 = Debug|Any CPU
		{6B9EB2A8-461C-4D46-900F-A7E167E18A7A}.Release|Any CPU.ActiveCfg = Release|Any CPU
		{6B9EB2A8-461C-4D46-900F-A7E167E18A7A}.Release|Any CPU.Build.0 = Release|Any CPU
	EndGlobalSection
	GlobalSection(SolutionProperties) = preSolution
		HideSolutionNode = FALSE
	EndGlobalSection
	GlobalSection(ExtensibilityGlobals) = postSolution
		SolutionGuid = {FCE8C783-C08B-42F9-BC3C-B55EA6162CC9}
	EndGlobalSection
EndGlobal
